
Microsoft Visual Studio Solution File, Format Version 12.00
Project("{FAE04EC0-301F-11D3-BF4B-00C04F79EFBC}") = "MoonCore", "MoonCore\MoonCore.csproj", "{9CFC971A-793C-4175-93B9-D7B61432D509}"
EndProject
Project("{FAE04EC0-301F-11D3-BF4B-00C04F79EFBC}") = "MoonCoreUI", "MoonCoreUI\MoonCoreUI.csproj", "{F4164EB0-F9C6-42BF-8121-151DE008198C}"
EndProject
Global
	GlobalSection(SolutionConfigurationPlatforms) = preSolution
		Debug|Any CPU = Debug|Any CPU
		Release|Any CPU = Release|Any CPU
	EndGlobalSection
	GlobalSection(ProjectConfigurationPlatforms) = postSolution
		{9CFC971A-793C-4175-93B9-D7B61432D509}.Debug|Any CPU.ActiveCfg = Debug|Any CPU
		{9CFC971A-793C-4175-93B9-D7B61432D509}.Debug|Any CPU.Build.0 = Debug|Any CPU
		{9CFC971A-793C-4175-93B9-D7B61432D509}.Release|Any CPU.ActiveCfg = Release|Any CPU
		{9CFC971A-793C-4175-93B9-D7B61432D509}.Release|Any CPU.Build.0 = Release|Any CPU
		{F4164EB0-F9C6-42BF-8121-151DE008198C}.Debug|Any CPU.ActiveCfg = Debug|Any CPU
		{F4164EB0-F9C6-42BF-8121-151DE008198C}.Debug|Any CPU.Build.0 = Debug|Any CPU
		{F4164EB0-F9C6-42BF-8121-151DE008198C}.Release|Any CPU.ActiveCfg = Release|Any CPU
		{F4164EB0-F9C6-42BF-8121-151DE008198C}.Release|Any CPU.Build.0 = Release|Any CPU
	EndGlobalSection
EndGlobal
