
Microsoft Visual Studio Solution File, Format Version 12.00
Project("{FAE04EC0-301F-11D3-BF4B-00C04F79EFBC}") = "MoonCore", "MoonCore\MoonCore.csproj", "{9CFC971A-793C-4175-93B9-D7B61432D509}"
EndProject
Project("{FAE04EC0-301F-11D3-BF4B-00C04F79EFBC}") = "MoonCoreUI", "MoonCoreUI\MoonCoreUI.csproj", "{F4164EB0-F9C6-42BF-8121-151DE008198C}"
EndProject
Project("{FAE04EC0-301F-11D3-BF4B-00C04F79EFBC}") = "MoonCore.Test", "MoonCore.Test\MoonCore.Test.csproj", "{1A4592F2-EF62-41B2-8981-7D2A68A0B1E0}"
EndProject
Project("{FAE04EC0-301F-11D3-BF4B-00C04F79EFBC}") = "MoonCoreUI.Test", "MoonCoreUI.Test\MoonCoreUI.Test.csproj", "{1AD8071E-6130-4310-8BA7-52EEFDF1EA7E}"
EndProject
Project("{FAE04EC0-301F-11D3-BF4B-00C04F79EFBC}") = "MoonCore.Blazor", "MoonCore.Blazor\MoonCore.Blazor.csproj", "{A40B98B9-B833-49D9-ADD5-B3F14592A246}"
EndProject
Project("{FAE04EC0-301F-11D3-BF4B-00C04F79EFBC}") = "MoonCore.Blazor.Test", "MoonCore.Blazor.Test\MoonCore.Blazor.Test.csproj", "{45CFC8E2-5B29-4991-9458-75D049CE53AF}"
EndProject
Global
	GlobalSection(SolutionConfigurationPlatforms) = preSolution
		Debug|Any CPU = Debug|Any CPU
		Release|Any CPU = Release|Any CPU
	EndGlobalSection
	GlobalSection(ProjectConfigurationPlatforms) = postSolution
		{9CFC971A-793C-4175-93B9-D7B61432D509}.Debug|Any CPU.ActiveCfg = Debug|Any CPU
		{9CFC971A-793C-4175-93B9-D7B61432D509}.Debug|Any CPU.Build.0 = Debug|Any CPU
		{9CFC971A-793C-4175-93B9-D7B61432D509}.Release|Any CPU.ActiveCfg = Release|Any CPU
		{9CFC971A-793C-4175-93B9-D7B61432D509}.Release|Any CPU.Build.0 = Release|Any CPU
		{F4164EB0-F9C6-42BF-8121-151DE008198C}.Debug|Any CPU.ActiveCfg = Debug|Any CPU
		{F4164EB0-F9C6-42BF-8121-151DE008198C}.Debug|Any CPU.Build.0 = Debug|Any CPU
		{F4164EB0-F9C6-42BF-8121-151DE008198C}.Release|Any CPU.ActiveCfg = Release|Any CPU
		{F4164EB0-F9C6-42BF-8121-151DE008198C}.Release|Any CPU.Build.0 = Release|Any CPU
		{1A4592F2-EF62-41B2-8981-7D2A68A0B1E0}.Debug|Any CPU.ActiveCfg = Debug|Any CPU
		{1A4592F2-EF62-41B2-8981-7D2A68A0B1E0}.Debug|Any CPU.Build.0 = Debug|Any CPU
		{1A4592F2-EF62-41B2-8981-7D2A68A0B1E0}.Release|Any CPU.ActiveCfg = Release|Any CPU
		{1A4592F2-EF62-41B2-8981-7D2A68A0B1E0}.Release|Any CPU.Build.0 = Release|Any CPU
		{1AD8071E-6130-4310-8BA7-52EEFDF1EA7E}.Debug|Any CPU.ActiveCfg = Debug|Any CPU
		{1AD8071E-6130-4310-8BA7-52EEFDF1EA7E}.Debug|Any CPU.Build.0 = Debug|Any CPU
		{1AD8071E-6130-4310-8BA7-52EEFDF1EA7E}.Release|Any CPU.ActiveCfg = Release|Any CPU
		{1AD8071E-6130-4310-8BA7-52EEFDF1EA7E}.Release|Any CPU.Build.0 = Release|Any CPU
		{A40B98B9-B833-49D9-ADD5-B3F14592A246}.Debug|Any CPU.ActiveCfg = Debug|Any CPU
		{A40B98B9-B833-49D9-ADD5-B3F14592A246}.Debug|Any CPU.Build.0 = Debug|Any CPU
		{A40B98B9-B833-49D9-ADD5-B3F14592A246}.Release|Any CPU.ActiveCfg = Release|Any CPU
		{A40B98B9-B833-49D9-ADD5-B3F14592A246}.Release|Any CPU.Build.0 = Release|Any CPU
		{45CFC8E2-5B29-4991-9458-75D049CE53AF}.Debug|Any CPU.ActiveCfg = Debug|Any CPU
		{45CFC8E2-5B29-4991-9458-75D049CE53AF}.Debug|Any CPU.Build.0 = Debug|Any CPU
		{45CFC8E2-5B29-4991-9458-75D049CE53AF}.Release|Any CPU.ActiveCfg = Release|Any CPU
		{45CFC8E2-5B29-4991-9458-75D049CE53AF}.Release|Any CPU.Build.0 = Release|Any CPU
	EndGlobalSection
EndGlobal
