
Microsoft Visual Studio Solution File, Format Version 12.00
Project("{FAE04EC0-301F-11D3-BF4B-00C04F79EFBC}") = "MoonCore", "MoonCore\MoonCore.csproj", "{9CFC971A-793C-4175-93B9-D7B61432D509}"
EndProject
Project("{FAE04EC0-301F-11D3-BF4B-00C04F79EFBC}") = "MoonCore.Test", "MoonCore.Test\MoonCore.Test.csproj", "{1A4592F2-EF62-41B2-8981-7D2A68A0B1E0}"
EndProject
Project("{FAE04EC0-301F-11D3-BF4B-00C04F79EFBC}") = "MoonCore.Blazor", "MoonCore.Blazor\MoonCore.Blazor.csproj", "{A40B98B9-B833-49D9-ADD5-B3F14592A246}"
EndProject
Project("{FAE04EC0-301F-11D3-BF4B-00C04F79EFBC}") = "MoonCore.Unix", "MoonCore.Unix\MoonCore.Unix.csproj", "{F8CC0186-7CA8-4E06-8E4C-DD7EE17CDEBF}"
EndProject
Project("{FAE04EC0-301F-11D3-BF4B-00C04F79EFBC}") = "MoonCore.Extended", "MoonCore.Extended\MoonCore.Extended.csproj", "{1A6D4A21-4D18-4193-BA3E-8736899F316A}"
EndProject
Project("{FAE04EC0-301F-11D3-BF4B-00C04F79EFBC}") = "MoonCore.PluginFramework", "MoonCore.PluginFramework\MoonCore.PluginFramework.csproj", "{B945469E-4FF0-447D-89DB-3B9290FBC396}"
EndProject
Project("{FAE04EC0-301F-11D3-BF4B-00C04F79EFBC}") = "MoonCore.Extended.Test", "MoonCore.Extended.Test\MoonCore.Extended.Test.csproj", "{53C18C70-9246-4030-85BD-82AC33DFE1AB}"
EndProject
Project("{FAE04EC0-301F-11D3-BF4B-00C04F79EFBC}") = "MoonCore.PluginFramework.Generator", "MoonCore.PluginFramework.Generator\MoonCore.PluginFramework.Generator.csproj", "{14D94791-CA78-42B9-B9EB-155BCECB816D}"
EndProject
Project("{FAE04EC0-301F-11D3-BF4B-00C04F79EFBC}") = "MoonCore.PluginFramework.Test", "MoonCore.PluginFramework.Test\MoonCore.PluginFramework.Test.csproj", "{193E2FE4-A85C-44CC-A363-9B22C895DB6A}"
EndProject
Project("{FAE04EC0-301F-11D3-BF4B-00C04F79EFBC}") = "MoonCore.Blazor.FlyonUi", "MoonCore.Blazor.FlyonUi\MoonCore.Blazor.FlyonUi.csproj", "{67E72F8C-E84D-482C-9CF8-1B77678B793D}"
EndProject
Project("{FAE04EC0-301F-11D3-BF4B-00C04F79EFBC}") = "MoonCore.PluginFramework.Plugin", "MoonCore.PluginFramework.Plugin\MoonCore.PluginFramework.Plugin.csproj", "{897E64D0-7635-47EF-88E8-D6190966B0B1}"
EndProject
Project("{2150E333-8FDC-42A3-9474-1A3956D46DE8}") = "Library", "Library", "{891B96F1-EFFF-4B35-A789-BCAD0F4E4B2F}"
EndProject
Project("{2150E333-8FDC-42A3-9474-1A3956D46DE8}") = "Tests", "Tests", "{01988DB8-D430-43F9-96EA-BD1D88CD9006}"
EndProject
Project("{FAE04EC0-301F-11D3-BF4B-00C04F79EFBC}") = "MoonCore.Blazor.FlyonUi.Test.Frontend", "MoonCore.Blazor.FlyonUi.Test.Frontend\MoonCore.Blazor.FlyonUi.Test.Frontend.csproj", "{B92EA1EE-7C29-4900-A5FA-BDE99690A12E}"
EndProject
Project("{FAE04EC0-301F-11D3-BF4B-00C04F79EFBC}") = "MoonCore.Blazor.FlyonUi.Test.Backend", "MoonCore.Blazor.FlyonUi.Test.Backend\MoonCore.Blazor.FlyonUi.Test.Backend.csproj", "{B2617225-58BF-4B22-B7BA-02A5093A970B}"
EndProject
Project("{FAE04EC0-301F-11D3-BF4B-00C04F79EFBC}") = "MoonCore.Blazor.FlyonUi.Test.Shared", "MoonCore.Blazor.FlyonUi.Test.Shared\MoonCore.Blazor.FlyonUi.Test.Shared.csproj", "{D83CB67A-4A3E-47B9-BC03-9C5CD2223449}"
EndProject
Global
	GlobalSection(SolutionConfigurationPlatforms) = preSolution
		Debug|Any CPU = Debug|Any CPU
		Release|Any CPU = Release|Any CPU
	EndGlobalSection
	GlobalSection(ProjectConfigurationPlatforms) = postSolution
		{9CFC971A-793C-4175-93B9-D7B61432D509}.Debug|Any CPU.ActiveCfg = Debug|Any CPU
		{9CFC971A-793C-4175-93B9-D7B61432D509}.Debug|Any CPU.Build.0 = Debug|Any CPU
		{9CFC971A-793C-4175-93B9-D7B61432D509}.Release|Any CPU.ActiveCfg = Release|Any CPU
		{9CFC971A-793C-4175-93B9-D7B61432D509}.Release|Any CPU.Build.0 = Release|Any CPU
		{1A4592F2-EF62-41B2-8981-7D2A68A0B1E0}.Debug|Any CPU.ActiveCfg = Debug|Any CPU
		{1A4592F2-EF62-41B2-8981-7D2A68A0B1E0}.Debug|Any CPU.Build.0 = Debug|Any CPU
		{1A4592F2-EF62-41B2-8981-7D2A68A0B1E0}.Release|Any CPU.ActiveCfg = Release|Any CPU
		{1A4592F2-EF62-41B2-8981-7D2A68A0B1E0}.Release|Any CPU.Build.0 = Release|Any CPU
		{A40B98B9-B833-49D9-ADD5-B3F14592A246}.Debug|Any CPU.ActiveCfg = Debug|Any CPU
		{A40B98B9-B833-49D9-ADD5-B3F14592A246}.Debug|Any CPU.Build.0 = Debug|Any CPU
		{A40B98B9-B833-49D9-ADD5-B3F14592A246}.Release|Any CPU.ActiveCfg = Release|Any CPU
		{A40B98B9-B833-49D9-ADD5-B3F14592A246}.Release|Any CPU.Build.0 = Release|Any CPU
		{F8CC0186-7CA8-4E06-8E4C-DD7EE17CDEBF}.Debug|Any CPU.ActiveCfg = Debug|Any CPU
		{F8CC0186-7CA8-4E06-8E4C-DD7EE17CDEBF}.Debug|Any CPU.Build.0 = Debug|Any CPU
		{F8CC0186-7CA8-4E06-8E4C-DD7EE17CDEBF}.Release|Any CPU.ActiveCfg = Release|Any CPU
		{F8CC0186-7CA8-4E06-8E4C-DD7EE17CDEBF}.Release|Any CPU.Build.0 = Release|Any CPU
		{1A6D4A21-4D18-4193-BA3E-8736899F316A}.Debug|Any CPU.ActiveCfg = Debug|Any CPU
		{1A6D4A21-4D18-4193-BA3E-8736899F316A}.Debug|Any CPU.Build.0 = Debug|Any CPU
		{1A6D4A21-4D18-4193-BA3E-8736899F316A}.Release|Any CPU.ActiveCfg = Release|Any CPU
		{1A6D4A21-4D18-4193-BA3E-8736899F316A}.Release|Any CPU.Build.0 = Release|Any CPU
		{B945469E-4FF0-447D-89DB-3B9290FBC396}.Debug|Any CPU.ActiveCfg = Debug|Any CPU
		{B945469E-4FF0-447D-89DB-3B9290FBC396}.Debug|Any CPU.Build.0 = Debug|Any CPU
		{B945469E-4FF0-447D-89DB-3B9290FBC396}.Release|Any CPU.ActiveCfg = Release|Any CPU
		{B945469E-4FF0-447D-89DB-3B9290FBC396}.Release|Any CPU.Build.0 = Release|Any CPU
		{53C18C70-9246-4030-85BD-82AC33DFE1AB}.Debug|Any CPU.ActiveCfg = Debug|Any CPU
		{53C18C70-9246-4030-85BD-82AC33DFE1AB}.Debug|Any CPU.Build.0 = Debug|Any CPU
		{53C18C70-9246-4030-85BD-82AC33DFE1AB}.Release|Any CPU.ActiveCfg = Release|Any CPU
		{53C18C70-9246-4030-85BD-82AC33DFE1AB}.Release|Any CPU.Build.0 = Release|Any CPU
		{14D94791-CA78-42B9-B9EB-155BCECB816D}.Debug|Any CPU.ActiveCfg = Debug|Any CPU
		{14D94791-CA78-42B9-B9EB-155BCECB816D}.Debug|Any CPU.Build.0 = Debug|Any CPU
		{14D94791-CA78-42B9-B9EB-155BCECB816D}.Release|Any CPU.ActiveCfg = Release|Any CPU
		{14D94791-CA78-42B9-B9EB-155BCECB816D}.Release|Any CPU.Build.0 = Release|Any CPU
		{193E2FE4-A85C-44CC-A363-9B22C895DB6A}.Debug|Any CPU.ActiveCfg = Debug|Any CPU
		{193E2FE4-A85C-44CC-A363-9B22C895DB6A}.Debug|Any CPU.Build.0 = Debug|Any CPU
		{193E2FE4-A85C-44CC-A363-9B22C895DB6A}.Release|Any CPU.ActiveCfg = Release|Any CPU
		{193E2FE4-A85C-44CC-A363-9B22C895DB6A}.Release|Any CPU.Build.0 = Release|Any CPU
		{67E72F8C-E84D-482C-9CF8-1B77678B793D}.Debug|Any CPU.ActiveCfg = Debug|Any CPU
		{67E72F8C-E84D-482C-9CF8-1B77678B793D}.Debug|Any CPU.Build.0 = Debug|Any CPU
		{67E72F8C-E84D-482C-9CF8-1B77678B793D}.Release|Any CPU.ActiveCfg = Release|Any CPU
		{67E72F8C-E84D-482C-9CF8-1B77678B793D}.Release|Any CPU.Build.0 = Release|Any CPU
		{897E64D0-7635-47EF-88E8-D6190966B0B1}.Debug|Any CPU.ActiveCfg = Debug|Any CPU
		{897E64D0-7635-47EF-88E8-D6190966B0B1}.Debug|Any CPU.Build.0 = Debug|Any CPU
		{897E64D0-7635-47EF-88E8-D6190966B0B1}.Release|Any CPU.ActiveCfg = Release|Any CPU
		{897E64D0-7635-47EF-88E8-D6190966B0B1}.Release|Any CPU.Build.0 = Release|Any CPU
		{B92EA1EE-7C29-4900-A5FA-BDE99690A12E}.Debug|Any CPU.ActiveCfg = Debug|Any CPU
		{B92EA1EE-7C29-4900-A5FA-BDE99690A12E}.Debug|Any CPU.Build.0 = Debug|Any CPU
		{B92EA1EE-7C29-4900-A5FA-BDE99690A12E}.Release|Any CPU.ActiveCfg = Release|Any CPU
		{B92EA1EE-7C29-4900-A5FA-BDE99690A12E}.Release|Any CPU.Build.0 = Release|Any CPU
		{B2617225-58BF-4B22-B7BA-02A5093A970B}.Debug|Any CPU.ActiveCfg = Debug|Any CPU
		{B2617225-58BF-4B22-B7BA-02A5093A970B}.Debug|Any CPU.Build.0 = Debug|Any CPU
		{B2617225-58BF-4B22-B7BA-02A5093A970B}.Release|Any CPU.ActiveCfg = Release|Any CPU
		{B2617225-58BF-4B22-B7BA-02A5093A970B}.Release|Any CPU.Build.0 = Release|Any CPU
		{D83CB67A-4A3E-47B9-BC03-9C5CD2223449}.Debug|Any CPU.ActiveCfg = Debug|Any CPU
		{D83CB67A-4A3E-47B9-BC03-9C5CD2223449}.Debug|Any CPU.Build.0 = Debug|Any CPU
		{D83CB67A-4A3E-47B9-BC03-9C5CD2223449}.Release|Any CPU.ActiveCfg = Release|Any CPU
		{D83CB67A-4A3E-47B9-BC03-9C5CD2223449}.Release|Any CPU.Build.0 = Release|Any CPU
	EndGlobalSection
	GlobalSection(NestedProjects) = preSolution
		{B92EA1EE-7C29-4900-A5FA-BDE99690A12E} = {01988DB8-D430-43F9-96EA-BD1D88CD9006}
		{B2617225-58BF-4B22-B7BA-02A5093A970B} = {01988DB8-D430-43F9-96EA-BD1D88CD9006}
		{9CFC971A-793C-4175-93B9-D7B61432D509} = {891B96F1-EFFF-4B35-A789-BCAD0F4E4B2F}
		{A40B98B9-B833-49D9-ADD5-B3F14592A246} = {891B96F1-EFFF-4B35-A789-BCAD0F4E4B2F}
		{67E72F8C-E84D-482C-9CF8-1B77678B793D} = {891B96F1-EFFF-4B35-A789-BCAD0F4E4B2F}
		{1A6D4A21-4D18-4193-BA3E-8736899F316A} = {891B96F1-EFFF-4B35-A789-BCAD0F4E4B2F}
		{B945469E-4FF0-447D-89DB-3B9290FBC396} = {891B96F1-EFFF-4B35-A789-BCAD0F4E4B2F}
		{14D94791-CA78-42B9-B9EB-155BCECB816D} = {891B96F1-EFFF-4B35-A789-BCAD0F4E4B2F}
		{F8CC0186-7CA8-4E06-8E4C-DD7EE17CDEBF} = {891B96F1-EFFF-4B35-A789-BCAD0F4E4B2F}
		{53C18C70-9246-4030-85BD-82AC33DFE1AB} = {01988DB8-D430-43F9-96EA-BD1D88CD9006}
		{897E64D0-7635-47EF-88E8-D6190966B0B1} = {01988DB8-D430-43F9-96EA-BD1D88CD9006}
		{193E2FE4-A85C-44CC-A363-9B22C895DB6A} = {01988DB8-D430-43F9-96EA-BD1D88CD9006}
		{1A4592F2-EF62-41B2-8981-7D2A68A0B1E0} = {01988DB8-D430-43F9-96EA-BD1D88CD9006}
		{D83CB67A-4A3E-47B9-BC03-9C5CD2223449} = {01988DB8-D430-43F9-96EA-BD1D88CD9006}
	EndGlobalSection
EndGlobal
